
Microsoft Visual Studio Solution File, Format Version 12.00
# Visual Studio Version 17
VisualStudioVersion = 17.1.32414.318
MinimumVisualStudioVersion = 10.0.40219.1
Project("{FAE04EC0-301F-11D3-BF4B-00C04F79EFBC}") = "CourierApi", "CourierApi.csproj", "{40FF0C4D-F818-44D6-AC1E-F5A65A32819A}"
EndProject
Global
	GlobalSection(SolutionConfigurationPlatforms) = preSolution
		Debug|Any CPU = Debug|Any CPU
		Release|Any CPU = Release|Any CPU
	EndGlobalSection
	GlobalSection(ProjectConfigurationPlatforms) = postSolution
		{40FF0C4D-F818-44D6-AC1E-F5A65A32819A}.Debug|Any CPU.ActiveCfg = Debug|Any CPU
		{40FF0C4D-F818-44D6-AC1E-F5A65A32819A}.Debug|Any CPU.Build.0 = Debug|Any CPU
		{40FF0C4D-F818-44D6-AC1E-F5A65A32819A}.Release|Any CPU.ActiveCfg = Release|Any CPU
		{40FF0C4D-F818-44D6-AC1E-F5A65A32819A}.Release|Any CPU.Build.0 = Release|Any CPU
	EndGlobalSection
	GlobalSection(SolutionProperties) = preSolution
		HideSolutionNode = FALSE
	EndGlobalSection
	GlobalSection(ExtensibilityGlobals) = postSolution
		SolutionGuid = {008E0801-4CEE-49CA-973E-14B93F8227D1}
	EndGlobalSection
EndGlobal
